schema_version: 1
navigation:
  url: https://github.com/Aldoubt/agt_navigation_v3.git
  commit: e27abeb3fd63280ee8e48a47966e06588f8eebd8
  integration_branch: feature/yhs-field-appliance-v1
  integration_source: current checkout; Git commit captured in build evidence
mapping:
  url: https://github.com/Aldoubt/agt-lio-pgo-mapping.git
  commit: 539352d309deef4f0acfe5f2bd783d5e72623a88
hmi:
  url: https://github.com/Aldoubt/agt_robot_hmi.git
  commit: 035b6ac7bfab24be63abea979741f1a6a7185206
  integration_branch: feature/yhs-field-appliance-v1
  upstream_url: https://github.com/chengyangkj/Ros_Qt5_Gui_App.git
  upstream_commit: b0825e3cba3e7186cba8a6b83ff230be37c8b1fb
  legacy_patch:
    commit: b0825e3cba3e7186cba8a6b83ff230be37c8b1fb
    patch_sha256: c900f9a1a91d9a71db8eb788f0da244e0cb5ae14b711447740a08d7d57f6ca33
base_image: ros:humble-ros-base-jammy@sha256:860e53793ccf575e5369b5e9a19939de2bfcfb46a299954d06f54f2af54fed19
native_manifest: dependencies/agt_navigation.repos
mapping_manifest: .repos
topology_msgs_commit: 7ba0d2a3ea0de9e8c416c64d1dab10e5299a5acb
